
Microsoft Visual Studio Solution File, Format Version 12.00
Project("{FAE04EC0-301F-11D3-BF4B-00C04F79EFBC}") = "RandomQuotes.Api", "RandomQuotes.Api\RandomQuotes.Api.csproj", "{ED859888-A167-45F9-831D-A26E22B6380B}"
EndProject
Project("{FAE04EC0-301F-11D3-BF4B-00C04F79EFBC}") = "RandomQuotes.Core", "RandomQuotes.Core\RandomQuotes.Core.csproj", "{23D5ADCF-057A-4C51-977E-81934F551BB1}"
EndProject
Project("{FAE04EC0-301F-11D3-BF4B-00C04F79EFBC}") = "RandomQuotes.Contract", "RandomQuotes.Contract\RandomQuotes.Contract.csproj", "{E3119EBD-1935-4CCC-9B49-E6277D22DB2D}"
EndProject
Project("{FAE04EC0-301F-11D3-BF4B-00C04F79EFBC}") = "RandomQuotes.DataAccess", "RandomQuotes.DataAccess\RandomQuotes.DataAccess.csproj", "{0CDD8385-18DA-4301-9B70-242297E881D9}"
EndProject
Project("{FAE04EC0-301F-11D3-BF4B-00C04F79EFBC}") = "RandomQuotes.Resources", "RandomQuotes.Resources\RandomQuotes.Resources.csproj", "{EA84B747-4B50-4EEE-8AF0-F1818A5A3ED8}"
EndProject
Project("{2150E333-8FDC-42A3-9474-1A3956D46DE8}") = "Tests", "Tests", "{8201A891-A812-4C8C-A2F8-880747477B50}"
EndProject
Project("{FAE04EC0-301F-11D3-BF4B-00C04F79EFBC}") = "RandomQuotes.Core.Tests", "RandomQuotes.Core.Tests\RandomQuotes.Core.Tests.csproj", "{0E27CB08-3307-41D5-9078-A0CD51EB8CBC}"
EndProject
Project("{FAE04EC0-301F-11D3-BF4B-00C04F79EFBC}") = "RandomQuotes.Abstractions", "RandomQuotes.Abstractions\RandomQuotes.Abstractions.csproj", "{95FF8451-E07A-47B2-BD55-9A6C76E60C45}"
EndProject
Project("{2150E333-8FDC-42A3-9474-1A3956D46DE8}") = "Sdk", "Sdk", "{7226B7A1-7714-4C18-B296-EBAA9DB8A62E}"
EndProject
Project("{FAE04EC0-301F-11D3-BF4B-00C04F79EFBC}") = "RandomQuotes.Sdk", "RandomQuotes.Sdk\RandomQuotes.Sdk.csproj", "{7A42DF1B-9FE5-4DD8-9EC7-A0DFF942B5A4}"
EndProject
Project("{FAE04EC0-301F-11D3-BF4B-00C04F79EFBC}") = "RandomQuotes.Sdk.Extensions", "RandomQuotes.Sdk.Extensions\RandomQuotes.Sdk.Extensions.csproj", "{54276989-61F5-47E7-BA1F-BE5952772D00}"
EndProject
Global
	GlobalSection(SolutionConfigurationPlatforms) = preSolution
		Debug|Any CPU = Debug|Any CPU
		Release|Any CPU = Release|Any CPU
	EndGlobalSection
	GlobalSection(ProjectConfigurationPlatforms) = postSolution
		{ED859888-A167-45F9-831D-A26E22B6380B}.Debug|Any CPU.ActiveCfg = Debug|Any CPU
		{ED859888-A167-45F9-831D-A26E22B6380B}.Debug|Any CPU.Build.0 = Debug|Any CPU
		{ED859888-A167-45F9-831D-A26E22B6380B}.Release|Any CPU.ActiveCfg = Release|Any CPU
		{ED859888-A167-45F9-831D-A26E22B6380B}.Release|Any CPU.Build.0 = Release|Any CPU
		{23D5ADCF-057A-4C51-977E-81934F551BB1}.Debug|Any CPU.ActiveCfg = Debug|Any CPU
		{23D5ADCF-057A-4C51-977E-81934F551BB1}.Debug|Any CPU.Build.0 = Debug|Any CPU
		{23D5ADCF-057A-4C51-977E-81934F551BB1}.Release|Any CPU.ActiveCfg = Release|Any CPU
		{23D5ADCF-057A-4C51-977E-81934F551BB1}.Release|Any CPU.Build.0 = Release|Any CPU
		{E3119EBD-1935-4CCC-9B49-E6277D22DB2D}.Debug|Any CPU.ActiveCfg = Debug|Any CPU
		{E3119EBD-1935-4CCC-9B49-E6277D22DB2D}.Debug|Any CPU.Build.0 = Debug|Any CPU
		{E3119EBD-1935-4CCC-9B49-E6277D22DB2D}.Release|Any CPU.ActiveCfg = Release|Any CPU
		{E3119EBD-1935-4CCC-9B49-E6277D22DB2D}.Release|Any CPU.Build.0 = Release|Any CPU
		{0CDD8385-18DA-4301-9B70-242297E881D9}.Debug|Any CPU.ActiveCfg = Debug|Any CPU
		{0CDD8385-18DA-4301-9B70-242297E881D9}.Debug|Any CPU.Build.0 = Debug|Any CPU
		{0CDD8385-18DA-4301-9B70-242297E881D9}.Release|Any CPU.ActiveCfg = Release|Any CPU
		{0CDD8385-18DA-4301-9B70-242297E881D9}.Release|Any CPU.Build.0 = Release|Any CPU
		{EA84B747-4B50-4EEE-8AF0-F1818A5A3ED8}.Debug|Any CPU.ActiveCfg = Debug|Any CPU
		{EA84B747-4B50-4EEE-8AF0-F1818A5A3ED8}.Debug|Any CPU.Build.0 = Debug|Any CPU
		{EA84B747-4B50-4EEE-8AF0-F1818A5A3ED8}.Release|Any CPU.ActiveCfg = Release|Any CPU
		{EA84B747-4B50-4EEE-8AF0-F1818A5A3ED8}.Release|Any CPU.Build.0 = Release|Any CPU
		{0E27CB08-3307-41D5-9078-A0CD51EB8CBC}.Debug|Any CPU.ActiveCfg = Debug|Any CPU
		{0E27CB08-3307-41D5-9078-A0CD51EB8CBC}.Debug|Any CPU.Build.0 = Debug|Any CPU
		{0E27CB08-3307-41D5-9078-A0CD51EB8CBC}.Release|Any CPU.ActiveCfg = Release|Any CPU
		{0E27CB08-3307-41D5-9078-A0CD51EB8CBC}.Release|Any CPU.Build.0 = Release|Any CPU
		{95FF8451-E07A-47B2-BD55-9A6C76E60C45}.Debug|Any CPU.ActiveCfg = Debug|Any CPU
		{95FF8451-E07A-47B2-BD55-9A6C76E60C45}.Debug|Any CPU.Build.0 = Debug|Any CPU
		{95FF8451-E07A-47B2-BD55-9A6C76E60C45}.Release|Any CPU.ActiveCfg = Release|Any CPU
		{95FF8451-E07A-47B2-BD55-9A6C76E60C45}.Release|Any CPU.Build.0 = Release|Any CPU
		{7A42DF1B-9FE5-4DD8-9EC7-A0DFF942B5A4}.Debug|Any CPU.ActiveCfg = Debug|Any CPU
		{7A42DF1B-9FE5-4DD8-9EC7-A0DFF942B5A4}.Debug|Any CPU.Build.0 = Debug|Any CPU
		{7A42DF1B-9FE5-4DD8-9EC7-A0DFF942B5A4}.Release|Any CPU.ActiveCfg = Release|Any CPU
		{7A42DF1B-9FE5-4DD8-9EC7-A0DFF942B5A4}.Release|Any CPU.Build.0 = Release|Any CPU
		{54276989-61F5-47E7-BA1F-BE5952772D00}.Debug|Any CPU.ActiveCfg = Debug|Any CPU
		{54276989-61F5-47E7-BA1F-BE5952772D00}.Debug|Any CPU.Build.0 = Debug|Any CPU
		{54276989-61F5-47E7-BA1F-BE5952772D00}.Release|Any CPU.ActiveCfg = Release|Any CPU
		{54276989-61F5-47E7-BA1F-BE5952772D00}.Release|Any CPU.Build.0 = Release|Any CPU
	EndGlobalSection
	GlobalSection(NestedProjects) = preSolution
		{0E27CB08-3307-41D5-9078-A0CD51EB8CBC} = {8201A891-A812-4C8C-A2F8-880747477B50}
		{7A42DF1B-9FE5-4DD8-9EC7-A0DFF942B5A4} = {7226B7A1-7714-4C18-B296-EBAA9DB8A62E}
		{54276989-61F5-47E7-BA1F-BE5952772D00} = {7226B7A1-7714-4C18-B296-EBAA9DB8A62E}
	EndGlobalSection
EndGlobal
